
Microsoft Visual Studio Solution File, Format Version 12.00
# Visual Studio Version 17
VisualStudioVersion = 17.9.34728.123
MinimumVisualStudioVersion = 10.0.40219.1
Project("{FAE04EC0-301F-11D3-BF4B-00C04F79EFBC}") = "EFGetStarted", "EFGetStarted.csproj", "{010E0DA4-941C-43C4-8D02-4D9149488C08}"
EndProject
Global
	GlobalSection(SolutionConfigurationPlatforms) = preSolution
		Debug|Any CPU = Debug|Any CPU
		Release|Any CPU = Release|Any CPU
	EndGlobalSection
	GlobalSection(ProjectConfigurationPlatforms) = postSolution
		{010E0DA4-941C-43C4-8D02-4D9149488C08}.Debug|Any CPU.ActiveCfg = Debug|Any CPU
		{010E0DA4-941C-43C4-8D02-4D9149488C08}.Debug|Any CPU.Build.0 = Debug|Any CPU
		{010E0DA4-941C-43C4-8D02-4D9149488C08}.Release|Any CPU.ActiveCfg = Release|Any CPU
		{010E0DA4-941C-43C4-8D02-4D9149488C08}.Release|Any CPU.Build.0 = Release|Any CPU
	EndGlobalSection
	GlobalSection(SolutionProperties) = preSolution
		HideSolutionNode = FALSE
	EndGlobalSection
	GlobalSection(ExtensibilityGlobals) = postSolution
		SolutionGuid = {49650BCC-E87F-4B0E-A976-208644E14761}
	EndGlobalSection
EndGlobal
